
Microsoft Visual Studio Solution File, Format Version 12.00
# Visual Studio Version 17
VisualStudioVersion = 17.11.35312.102
MinimumVisualStudioVersion = 10.0.40219.1
Project("{9A19103F-16F7-4668-BE54-9A1E7A4F7556}") = "webclinic", "webclinic\webclinic.csproj", "{007DABDD-D594-403E-8783-08EDE4911454}"
EndProject
Global
	GlobalSection(SolutionConfigurationPlatforms) = preSolution
		Debug|Any CPU = Debug|Any CPU
		Release|Any CPU = Release|Any CPU
	EndGlobalSection
	GlobalSection(ProjectConfigurationPlatforms) = postSolution
		{007DABDD-D594-403E-8783-08EDE4911454}.Debug|Any CPU.ActiveCfg = Debug|Any CPU
		{007DABDD-D594-403E-8783-08EDE4911454}.Debug|Any CPU.Build.0 = Debug|Any CPU
		{007DABDD-D594-403E-8783-08EDE4911454}.Release|Any CPU.ActiveCfg = Release|Any CPU
		{007DABDD-D594-403E-8783-08EDE4911454}.Release|Any CPU.Build.0 = Release|Any CPU
	EndGlobalSection
	GlobalSection(SolutionProperties) = preSolution
		HideSolutionNode = FALSE
	EndGlobalSection
	GlobalSection(ExtensibilityGlobals) = postSolution
		SolutionGuid = {216D084C-C340-4A7D-B6D5-FE54311FB7C8}
	EndGlobalSection
EndGlobal
